<?xml version="1.0" encoding="utf-8"?>
<Project ToolsVersion="4.0" xmlns="http://schemas.microsoft.com/developer/msbuild/2003">
  <ItemGroup>
    <ClCompile Include="src\Count.cpp" />
    <ClCompile Include="src\DataOperator.cpp" />
    <ClCompile Include="src\main.cpp" />
    <ClCompile Include="src\QueryInterface.cpp" />
    <ClCompile Include="src\RankingInterface.cpp" />
    <ClCompile Include="src\StartInterface.cpp" />
    <ClCompile Include="src\TextChooser.cpp" />
    <ClCompile Include="src\Tool.cpp" />
    <ClCompile Include="src\RecordInterface.cpp" />
  </ItemGroup>
  <ItemGroup>
    <ClInclude Include="src\Count.h" />
    <ClInclude Include="src\DataOperator.h" />
    <ClInclude Include="src\QueryInterface.h" />
    <ClInclude Include="src\RankingInterface.h" />
    <ClInclude Include="src\StartInterface.h" />
    <ClInclude Include="src\TextChooser.h" />
    <ClInclude Include="src\Tool.h" />
    <ClInclude Include="src\Type.h" />
    <ClInclude Include="src\RecordInterface.h" />
  </ItemGroup>
</Project>